
Microsoft Visual Studio Solution File, Format Version 12.00
# Visual Studio Version 16
VisualStudioVersion = 25.0.1703.2
MinimumVisualStudioVersion = 10.0.40219.1
Project("{FAE04EC0-301F-11D3-BF4B-00C04F79EFBC}") = "linq_references", "linq_references\linq_references.csproj", "{A4C8F643-6B5E-4EAC-B5BB-B4FDBAE086CD}"
EndProject
Global
	GlobalSection(SolutionConfigurationPlatforms) = preSolution
		Debug|Any CPU = Debug|Any CPU
		Release|Any CPU = Release|Any CPU
	EndGlobalSection
	GlobalSection(ProjectConfigurationPlatforms) = postSolution
		{A4C8F643-6B5E-4EAC-B5BB-B4FDBAE086CD}.Debug|Any CPU.ActiveCfg = Debug|Any CPU
		{A4C8F643-6B5E-4EAC-B5BB-B4FDBAE086CD}.Debug|Any CPU.Build.0 = Debug|Any CPU
		{A4C8F643-6B5E-4EAC-B5BB-B4FDBAE086CD}.Release|Any CPU.ActiveCfg = Release|Any CPU
		{A4C8F643-6B5E-4EAC-B5BB-B4FDBAE086CD}.Release|Any CPU.Build.0 = Release|Any CPU
	EndGlobalSection
	GlobalSection(SolutionProperties) = preSolution
		HideSolutionNode = FALSE
	EndGlobalSection
	GlobalSection(ExtensibilityGlobals) = postSolution
		SolutionGuid = {30F8A859-C146-4E37-AE7F-0F2DD0996909}
	EndGlobalSection
EndGlobal
