
Microsoft Visual Studio Solution File, Format Version 12.00
# Visual Studio Version 16
VisualStudioVersion = 25.0.1703.2
MinimumVisualStudioVersion = 10.0.40219.1
Project("{FAE04EC0-301F-11D3-BF4B-00C04F79EFBC}") = "action_content", "action_content\action_content.csproj", "{B9BCDB07-33C0-4699-913D-0870835AD693}"
EndProject
Global
	GlobalSection(SolutionConfigurationPlatforms) = preSolution
		Debug|Any CPU = Debug|Any CPU
		Release|Any CPU = Release|Any CPU
	EndGlobalSection
	GlobalSection(ProjectConfigurationPlatforms) = postSolution
		{B9BCDB07-33C0-4699-913D-0870835AD693}.Debug|Any CPU.ActiveCfg = Debug|Any CPU
		{B9BCDB07-33C0-4699-913D-0870835AD693}.Debug|Any CPU.Build.0 = Debug|Any CPU
		{B9BCDB07-33C0-4699-913D-0870835AD693}.Release|Any CPU.ActiveCfg = Release|Any CPU
		{B9BCDB07-33C0-4699-913D-0870835AD693}.Release|Any CPU.Build.0 = Release|Any CPU
	EndGlobalSection
	GlobalSection(SolutionProperties) = preSolution
		HideSolutionNode = FALSE
	EndGlobalSection
	GlobalSection(ExtensibilityGlobals) = postSolution
		SolutionGuid = {994D20A1-E4A6-4B4D-904C-971D56B68735}
	EndGlobalSection
EndGlobal
