
Microsoft Visual Studio Solution File, Format Version 12.00
# Visual Studio Version 16
VisualStudioVersion = 25.0.1703.2
MinimumVisualStudioVersion = 10.0.40219.1
Project("{FAE04EC0-301F-11D3-BF4B-00C04F79EFBC}") = "func_content", "func_content\func_content.csproj", "{71773FCF-4746-4757-B3A1-51A0F7775342}"
EndProject
Global
	GlobalSection(SolutionConfigurationPlatforms) = preSolution
		Debug|Any CPU = Debug|Any CPU
		Release|Any CPU = Release|Any CPU
	EndGlobalSection
	GlobalSection(ProjectConfigurationPlatforms) = postSolution
		{71773FCF-4746-4757-B3A1-51A0F7775342}.Debug|Any CPU.ActiveCfg = Debug|Any CPU
		{71773FCF-4746-4757-B3A1-51A0F7775342}.Debug|Any CPU.Build.0 = Debug|Any CPU
		{71773FCF-4746-4757-B3A1-51A0F7775342}.Release|Any CPU.ActiveCfg = Release|Any CPU
		{71773FCF-4746-4757-B3A1-51A0F7775342}.Release|Any CPU.Build.0 = Release|Any CPU
	EndGlobalSection
	GlobalSection(SolutionProperties) = preSolution
		HideSolutionNode = FALSE
	EndGlobalSection
	GlobalSection(ExtensibilityGlobals) = postSolution
		SolutionGuid = {F3B9D191-BB7B-4722-B0D5-DFB6D69A1B3C}
	EndGlobalSection
EndGlobal
